// !$*UTF8*$!
{
	archiveVersion = 1;
	classes = {
	};
	objectVersion = 56;
	objects = {

/* Begin PBXBuildFile section */
		AC092B0A2C519FD70034DFB6 /* CoreDataManager.swift in Sources */ = {isa = PBXBuildFile; fileRef = AC092B092C519FD70034DFB6 /* CoreDataManager.swift */; };
		AC092B0C2C51A15D0034DFB6 /* Login.swift in Sources */ = {isa = PBXBuildFile; fileRef = AC092B0B2C51A15D0034DFB6 /* Login.swift */; };
		AC092B152C51A4FF0034DFB6 /* Profile+CoreDataClass.swift in Sources */ = {isa = PBXBuildFile; fileRef = AC092B132C51A4FF0034DFB6 /* Profile+CoreDataClass.swift */; };
		AC092B162C51A4FF0034DFB6 /* Profile+CoreDataProperties.swift in Sources */ = {isa = PBXBuildFile; fileRef = AC092B142C51A4FF0034DFB6 /* Profile+CoreDataProperties.swift */; };
		AC2A0BAF2C50FDFB004E8401 /* NewMatchesView.swift in Sources */ = {isa = PBXBuildFile; fileRef = AC2A0BAE2C50FDFB004E8401 /* NewMatchesView.swift */; };
		AC2A0BB12C50FE14004E8401 /* NewMatchesViewModel.swift in Sources */ = {isa = PBXBuildFile; fileRef = AC2A0BB02C50FE14004E8401 /* NewMatchesViewModel.swift */; };
		AC2A0BC12C51064F004E8401 /* ProfileResult.swift in Sources */ = {isa = PBXBuildFile; fileRef = AC2A0BB42C51064F004E8401 /* ProfileResult.swift */; };
		AC2A0BC22C51064F004E8401 /* Picture.swift in Sources */ = {isa = PBXBuildFile; fileRef = AC2A0BB52C51064F004E8401 /* Picture.swift */; };
		AC2A0BC32C51064F004E8401 /* Info.swift in Sources */ = {isa = PBXBuildFile; fileRef = AC2A0BB62C51064F004E8401 /* Info.swift */; };
		AC2A0BC52C51064F004E8401 /* Dob.swift in Sources */ = {isa = PBXBuildFile; fileRef = AC2A0BB82C51064F004E8401 /* Dob.swift */; };
		AC2A0BC92C51064F004E8401 /* Name.swift in Sources */ = {isa = PBXBuildFile; fileRef = AC2A0BBC2C51064F004E8401 /* Name.swift */; };
		AC2A0BCA2C51064F004E8401 /* Location.swift in Sources */ = {isa = PBXBuildFile; fileRef = AC2A0BBD2C51064F004E8401 /* Location.swift */; };
		AC2A0BCD2C51064F004E8401 /* Profile.swift in Sources */ = {isa = PBXBuildFile; fileRef = AC2A0BC02C51064F004E8401 /* Profile.swift */; };
		AC2A0BCF2C510A43004E8401 /* ProfileView.swift in Sources */ = {isa = PBXBuildFile; fileRef = AC2A0BCE2C510A43004E8401 /* ProfileView.swift */; };
		AC2A0BD22C5111C9004E8401 /* NetworkServiceProtocol.swift in Sources */ = {isa = PBXBuildFile; fileRef = AC2A0BD12C5111C9004E8401 /* NetworkServiceProtocol.swift */; };
		AC2A0BD42C51124B004E8401 /* NetworkService.swift in Sources */ = {isa = PBXBuildFile; fileRef = AC2A0BD32C51124B004E8401 /* NetworkService.swift */; };
		AC2A0BD62C511FFE004E8401 /* NetworkError.swift in Sources */ = {isa = PBXBuildFile; fileRef = AC2A0BD52C511FFE004E8401 /* NetworkError.swift */; };
		AC2A0BD82C51226D004E8401 /* NetworkConstant.swift in Sources */ = {isa = PBXBuildFile; fileRef = AC2A0BD72C51226D004E8401 /* NetworkConstant.swift */; };
		AC2A0BDB2C5123EC004E8401 /* ProfileRepository.swift in Sources */ = {isa = PBXBuildFile; fileRef = AC2A0BDA2C5123EC004E8401 /* ProfileRepository.swift */; };
		AC2A0BDE2C518872004E8401 /* MatchMateModel.xcdatamodeld in Sources */ = {isa = PBXBuildFile; fileRef = AC2A0BDC2C518872004E8401 /* MatchMateModel.xcdatamodeld */; };
		AC2A0BE12C518D57004E8401 /* CoreDataService.swift in Sources */ = {isa = PBXBuildFile; fileRef = AC2A0BE02C518D57004E8401 /* CoreDataService.swift */; };
		AC7030292C528F5900AB5E52 /* HomeView.swift in Sources */ = {isa = PBXBuildFile; fileRef = AC7030282C528F5900AB5E52 /* HomeView.swift */; };
		AC70302C2C53542500AB5E52 /* NewMatchesViewModelTest.swift in Sources */ = {isa = PBXBuildFile; fileRef = AC70302B2C53542500AB5E52 /* NewMatchesViewModelTest.swift */; };
		AC70302E2C535FE500AB5E52 /* EmptyStateView.swift in Sources */ = {isa = PBXBuildFile; fileRef = AC70302D2C535FE500AB5E52 /* EmptyStateView.swift */; };
		ACA6B1CA2C50DDBF00512F13 /* MatchMateApp.swift in Sources */ = {isa = PBXBuildFile; fileRef = ACA6B1C92C50DDBF00512F13 /* MatchMateApp.swift */; };
		ACA6B1CC2C50DDBF00512F13 /* ContentView.swift in Sources */ = {isa = PBXBuildFile; fileRef = ACA6B1CB2C50DDBF00512F13 /* ContentView.swift */; };
		ACA6B1CE2C50DDC000512F13 /* Assets.xcassets in Resources */ = {isa = PBXBuildFile; fileRef = ACA6B1CD2C50DDC000512F13 /* Assets.xcassets */; };
		ACA6B1D12C50DDC000512F13 /* Preview Assets.xcassets in Resources */ = {isa = PBXBuildFile; fileRef = ACA6B1D02C50DDC000512F13 /* Preview Assets.xcassets */; };
		ACA6B1DB2C50DDC000512F13 /* MatchMateTests.swift in Sources */ = {isa = PBXBuildFile; fileRef = ACA6B1DA2C50DDC000512F13 /* MatchMateTests.swift */; };
		ACA6B1E52C50DDC000512F13 /* MatchMateUITests.swift in Sources */ = {isa = PBXBuildFile; fileRef = ACA6B1E42C50DDC000512F13 /* MatchMateUITests.swift */; };
		ACA6B1E72C50DDC000512F13 /* MatchMateUITestsLaunchTests.swift in Sources */ = {isa = PBXBuildFile; fileRef = ACA6B1E62C50DDC000512F13 /* MatchMateUITestsLaunchTests.swift */; };
		ACDCBC542C52326D0078237B /* SDWebImageSwiftUI in Frameworks */ = {isa = PBXBuildFile; productRef = ACDCBC532C52326D0078237B /* SDWebImageSwiftUI */; };
		ACDCBC602C5258EE0078237B /* AcceptButton.swift in Sources */ = {isa = PBXBuildFile; fileRef = ACDCBC5F2C5258EE0078237B /* AcceptButton.swift */; };
		ACDCBC622C5258FB0078237B /* RejectButton.swift in Sources */ = {isa = PBXBuildFile; fileRef = ACDCBC612C5258FB0078237B /* RejectButton.swift */; };
/* End PBXBuildFile section */

/* Begin PBXContainerItemProxy section */
		ACA6B1D72C50DDC000512F13 /* PBXContainerItemProxy */ = {
			isa = PBXContainerItemProxy;
			containerPortal = ACA6B1BE2C50DDBF00512F13 /* Project object */;
			proxyType = 1;
			remoteGlobalIDString = ACA6B1C52C50DDBF00512F13;
			remoteInfo = MatchMate;
		};
		ACA6B1E12C50DDC000512F13 /* PBXContainerItemProxy */ = {
			isa = PBXContainerItemProxy;
			containerPortal = ACA6B1BE2C50DDBF00512F13 /* Project object */;
			proxyType = 1;
			remoteGlobalIDString = ACA6B1C52C50DDBF00512F13;
			remoteInfo = MatchMate;
		};
/* End PBXContainerItemProxy section */

/* Begin PBXFileReference section */
		AC092B092C519FD70034DFB6 /* CoreDataManager.swift */ = {isa = PBXFileReference; lastKnownFileType = sourcecode.swift; path = CoreDataManager.swift; sourceTree = "<group>"; };
		AC092B0B2C51A15D0034DFB6 /* Login.swift */ = {isa = PBXFileReference; lastKnownFileType = sourcecode.swift; path = Login.swift; sourceTree = "<group>"; };
		AC092B132C51A4FF0034DFB6 /* Profile+CoreDataClass.swift */ = {isa = PBXFileReference; lastKnownFileType = sourcecode.swift; path = "Profile+CoreDataClass.swift"; sourceTree = "<group>"; };
		AC092B142C51A4FF0034DFB6 /* Profile+CoreDataProperties.swift */ = {isa = PBXFileReference; lastKnownFileType = sourcecode.swift; path = "Profile+CoreDataProperties.swift"; sourceTree = "<group>"; };
		AC2A0BAE2C50FDFB004E8401 /* NewMatchesView.swift */ = {isa = PBXFileReference; lastKnownFileType = sourcecode.swift; path = NewMatchesView.swift; sourceTree = "<group>"; };
		AC2A0BB02C50FE14004E8401 /* NewMatchesViewModel.swift */ = {isa = PBXFileReference; lastKnownFileType = sourcecode.swift; path = NewMatchesViewModel.swift; sourceTree = "<group>"; };
		AC2A0BB42C51064F004E8401 /* ProfileResult.swift */ = {isa = PBXFileReference; fileEncoding = 4; lastKnownFileType = sourcecode.swift; path = ProfileResult.swift; sourceTree = "<group>"; };
		AC2A0BB52C51064F004E8401 /* Picture.swift */ = {isa = PBXFileReference; fileEncoding = 4; lastKnownFileType = sourcecode.swift; path = Picture.swift; sourceTree = "<group>"; };
		AC2A0BB62C51064F004E8401 /* Info.swift */ = {isa = PBXFileReference; fileEncoding = 4; lastKnownFileType = sourcecode.swift; path = Info.swift; sourceTree = "<group>"; };
		AC2A0BB82C51064F004E8401 /* Dob.swift */ = {isa = PBXFileReference; fileEncoding = 4; lastKnownFileType = sourcecode.swift; path = Dob.swift; sourceTree = "<group>"; };
		AC2A0BBC2C51064F004E8401 /* Name.swift */ = {isa = PBXFileReference; fileEncoding = 4; lastKnownFileType = sourcecode.swift; path = Name.swift; sourceTree = "<group>"; };
		AC2A0BBD2C51064F004E8401 /* Location.swift */ = {isa = PBXFileReference; fileEncoding = 4; lastKnownFileType = sourcecode.swift; path = Location.swift; sourceTree = "<group>"; };
		AC2A0BC02C51064F004E8401 /* Profile.swift */ = {isa = PBXFileReference; fileEncoding = 4; lastKnownFileType = sourcecode.swift; path = Profile.swift; sourceTree = "<group>"; };
		AC2A0BCE2C510A43004E8401 /* ProfileView.swift */ = {isa = PBXFileReference; lastKnownFileType = sourcecode.swift; path = ProfileView.swift; sourceTree = "<group>"; };
		AC2A0BD12C5111C9004E8401 /* NetworkServiceProtocol.swift */ = {isa = PBXFileReference; lastKnownFileType = sourcecode.swift; path = NetworkServiceProtocol.swift; sourceTree = "<group>"; };
		AC2A0BD32C51124B004E8401 /* NetworkService.swift */ = {isa = PBXFileReference; lastKnownFileType = sourcecode.swift; path = NetworkService.swift; sourceTree = "<group>"; };
		AC2A0BD52C511FFE004E8401 /* NetworkError.swift */ = {isa = PBXFileReference; lastKnownFileType = sourcecode.swift; path = NetworkError.swift; sourceTree = "<group>"; };
		AC2A0BD72C51226D004E8401 /* NetworkConstant.swift */ = {isa = PBXFileReference; lastKnownFileType = sourcecode.swift; path = NetworkConstant.swift; sourceTree = "<group>"; };
		AC2A0BDA2C5123EC004E8401 /* ProfileRepository.swift */ = {isa = PBXFileReference; lastKnownFileType = sourcecode.swift; path = ProfileRepository.swift; sourceTree = "<group>"; };
		AC2A0BDD2C518872004E8401 /* MatchMateModel.xcdatamodel */ = {isa = PBXFileReference; lastKnownFileType = wrapper.xcdatamodel; path = MatchMateModel.xcdatamodel; sourceTree = "<group>"; };
		AC2A0BE02C518D57004E8401 /* CoreDataService.swift */ = {isa = PBXFileReference; lastKnownFileType = sourcecode.swift; path = CoreDataService.swift; sourceTree = "<group>"; };
		AC7030282C528F5900AB5E52 /* HomeView.swift */ = {isa = PBXFileReference; lastKnownFileType = sourcecode.swift; path = HomeView.swift; sourceTree = "<group>"; };
		AC70302B2C53542500AB5E52 /* NewMatchesViewModelTest.swift */ = {isa = PBXFileReference; lastKnownFileType = sourcecode.swift; path = NewMatchesViewModelTest.swift; sourceTree = "<group>"; };
		AC70302D2C535FE500AB5E52 /* EmptyStateView.swift */ = {isa = PBXFileReference; lastKnownFileType = sourcecode.swift; path = EmptyStateView.swift; sourceTree = "<group>"; };
		AC70302F2C5363C900AB5E52 /* Info.plist */ = {isa = PBXFileReference; lastKnownFileType = text.plist; path = Info.plist; sourceTree = "<group>"; };
		ACA6B1C62C50DDBF00512F13 /* MatchMate.app */ = {isa = PBXFileReference; explicitFileType = wrapper.application; includeInIndex = 0; path = MatchMate.app; sourceTree = BUILT_PRODUCTS_DIR; };
		ACA6B1C92C50DDBF00512F13 /* MatchMateApp.swift */ = {isa = PBXFileReference; lastKnownFileType = sourcecode.swift; path = MatchMateApp.swift; sourceTree = "<group>"; };
		ACA6B1CB2C50DDBF00512F13 /* ContentView.swift */ = {isa = PBXFileReference; lastKnownFileType = sourcecode.swift; path = ContentView.swift; sourceTree = "<group>"; };
		ACA6B1CD2C50DDC000512F13 /* Assets.xcassets */ = {isa = PBXFileReference; lastKnownFileType = folder.assetcatalog; path = Assets.xcassets; sourceTree = "<group>"; };
		ACA6B1D02C50DDC000512F13 /* Preview Assets.xcassets */ = {isa = PBXFileReference; lastKnownFileType = folder.assetcatalog; path = "Preview Assets.xcassets"; sourceTree = "<group>"; };
		ACA6B1D62C50DDC000512F13 /* MatchMateTests.xctest */ = {isa = PBXFileReference; explicitFileType = wrapper.cfbundle; includeInIndex = 0; path = MatchMateTests.xctest; sourceTree = BUILT_PRODUCTS_DIR; };
		ACA6B1DA2C50DDC000512F13 /* MatchMateTests.swift */ = {isa = PBXFileReference; lastKnownFileType = sourcecode.swift; path = MatchMateTests.swift; sourceTree = "<group>"; };
		ACA6B1E02C50DDC000512F13 /* MatchMateUITests.xctest */ = {isa = PBXFileReference; explicitFileType = wrapper.cfbundle; includeInIndex = 0; path = MatchMateUITests.xctest; sourceTree = BUILT_PRODUCTS_DIR; };
		ACA6B1E42C50DDC000512F13 /* MatchMateUITests.swift */ = {isa = PBXFileReference; lastKnownFileType = sourcecode.swift; path = MatchMateUITests.swift; sourceTree = "<group>"; };
		ACA6B1E62C50DDC000512F13 /* MatchMateUITestsLaunchTests.swift */ = {isa = PBXFileReference; lastKnownFileType = sourcecode.swift; path = MatchMateUITestsLaunchTests.swift; sourceTree = "<group>"; };
		ACDCBC5F2C5258EE0078237B /* AcceptButton.swift */ = {isa = PBXFileReference; lastKnownFileType = sourcecode.swift; path = AcceptButton.swift; sourceTree = "<group>"; };
		ACDCBC612C5258FB0078237B /* RejectButton.swift */ = {isa = PBXFileReference; lastKnownFileType = sourcecode.swift; path = RejectButton.swift; sourceTree = "<group>"; };
/* End PBXFileReference section */

/* Begin PBXFrameworksBuildPhase section */
		ACA6B1C32C50DDBF00512F13 /* Frameworks */ = {
			isa = PBXFrameworksBuildPhase;
			buildActionMask = 2147483647;
			files = (
				ACDCBC542C52326D0078237B /* SDWebImageSwiftUI in Frameworks */,
			);
			runOnlyForDeploymentPostprocessing = 0;
		};
		ACA6B1D32C50DDC000512F13 /* Frameworks */ = {
			isa = PBXFrameworksBuildPhase;
			buildActionMask = 2147483647;
			files = (
			);
			runOnlyForDeploymentPostprocessing = 0;
		};
		ACA6B1DD2C50DDC000512F13 /* Frameworks */ = {
			isa = PBXFrameworksBuildPhase;
			buildActionMask = 2147483647;
			files = (
			);
			runOnlyForDeploymentPostprocessing = 0;
		};
/* End PBXFrameworksBuildPhase section */

/* Begin PBXGroup section */
		AC092B172C51A5090034DFB6 /* Model */ = {
			isa = PBXGroup;
			children = (
				AC092B132C51A4FF0034DFB6 /* Profile+CoreDataClass.swift */,
				AC092B142C51A4FF0034DFB6 /* Profile+CoreDataProperties.swift */,
			);
			path = Model;
			sourceTree = "<group>";
		};
		AC2A0BAB2C50FD23004E8401 /* App */ = {
			isa = PBXGroup;
			children = (
				ACA6B1C92C50DDBF00512F13 /* MatchMateApp.swift */,
				ACA6B1CB2C50DDBF00512F13 /* ContentView.swift */,
			);
			path = App;
			sourceTree = "<group>";
		};
		AC2A0BAC2C50FD38004E8401 /* CustomViews */ = {
			isa = PBXGroup;
			children = (
				AC2A0BCE2C510A43004E8401 /* ProfileView.swift */,
				ACDCBC5F2C5258EE0078237B /* AcceptButton.swift */,
				ACDCBC612C5258FB0078237B /* RejectButton.swift */,
				AC70302D2C535FE500AB5E52 /* EmptyStateView.swift */,
			);
			path = CustomViews;
			sourceTree = "<group>";
		};
		AC2A0BAD2C50FDC6004E8401 /* View */ = {
			isa = PBXGroup;
			children = (
				AC7030272C528F4E00AB5E52 /* Home */,
				AC2A0BB22C50FE1B004E8401 /* NewMatches */,
			);
			path = View;
			sourceTree = "<group>";
		};
		AC2A0BB22C50FE1B004E8401 /* NewMatches */ = {
			isa = PBXGroup;
			children = (
				AC2A0BAE2C50FDFB004E8401 /* NewMatchesView.swift */,
				AC2A0BB02C50FE14004E8401 /* NewMatchesViewModel.swift */,
			);
			path = NewMatches;
			sourceTree = "<group>";
		};
		AC2A0BB32C51063F004E8401 /* Model */ = {
			isa = PBXGroup;
			children = (
				AC2A0BB82C51064F004E8401 /* Dob.swift */,
				AC2A0BB62C51064F004E8401 /* Info.swift */,
				AC2A0BBD2C51064F004E8401 /* Location.swift */,
				AC2A0BBC2C51064F004E8401 /* Name.swift */,
				AC2A0BB52C51064F004E8401 /* Picture.swift */,
				AC2A0BC02C51064F004E8401 /* Profile.swift */,
				AC2A0BB42C51064F004E8401 /* ProfileResult.swift */,
				AC092B0B2C51A15D0034DFB6 /* Login.swift */,
			);
			path = Model;
			sourceTree = "<group>";
		};
		AC2A0BD02C5111A5004E8401 /* Networking */ = {
			isa = PBXGroup;
			children = (
				AC2A0BD12C5111C9004E8401 /* NetworkServiceProtocol.swift */,
				AC2A0BD32C51124B004E8401 /* NetworkService.swift */,
				AC2A0BD52C511FFE004E8401 /* NetworkError.swift */,
				AC2A0BD72C51226D004E8401 /* NetworkConstant.swift */,
			);
			path = Networking;
			sourceTree = "<group>";
		};
		AC2A0BD92C5123C3004E8401 /* Repository */ = {
			isa = PBXGroup;
			children = (
				AC2A0BDA2C5123EC004E8401 /* ProfileRepository.swift */,
			);
			path = Repository;
			sourceTree = "<group>";
		};
		AC2A0BDF2C518D46004E8401 /* CoreData */ = {
			isa = PBXGroup;
			children = (
				AC092B172C51A5090034DFB6 /* Model */,
				AC2A0BE02C518D57004E8401 /* CoreDataService.swift */,
				AC092B092C519FD70034DFB6 /* CoreDataManager.swift */,
			);
			path = CoreData;
			sourceTree = "<group>";
		};
		AC7030272C528F4E00AB5E52 /* Home */ = {
			isa = PBXGroup;
			children = (
				AC7030282C528F5900AB5E52 /* HomeView.swift */,
			);
			path = Home;
			sourceTree = "<group>";
		};
		AC70302A2C53540A00AB5E52 /* ViewModel */ = {
			isa = PBXGroup;
			children = (
				AC70302B2C53542500AB5E52 /* NewMatchesViewModelTest.swift */,
			);
			path = ViewModel;
			sourceTree = "<group>";
		};
		ACA6B1BD2C50DDBF00512F13 = {
			isa = PBXGroup;
			children = (
				AC2A0BDC2C518872004E8401 /* MatchMateModel.xcdatamodeld */,
				ACA6B1C82C50DDBF00512F13 /* MatchMate */,
				ACA6B1D92C50DDC000512F13 /* MatchMateTests */,
				ACA6B1E32C50DDC000512F13 /* MatchMateUITests */,
				ACA6B1C72C50DDBF00512F13 /* Products */,
				ACDCBC522C52326D0078237B /* Frameworks */,
			);
			sourceTree = "<group>";
		};
		ACA6B1C72C50DDBF00512F13 /* Products */ = {
			isa = PBXGroup;
			children = (
				ACA6B1C62C50DDBF00512F13 /* MatchMate.app */,
				ACA6B1D62C50DDC000512F13 /* MatchMateTests.xctest */,
				ACA6B1E02C50DDC000512F13 /* MatchMateUITests.xctest */,
			);
			name = Products;
			sourceTree = "<group>";
		};
		ACA6B1C82C50DDBF00512F13 /* MatchMate */ = {
			isa = PBXGroup;
			children = (
				AC70302F2C5363C900AB5E52 /* Info.plist */,
				AC2A0BDF2C518D46004E8401 /* CoreData */,
				AC2A0BD92C5123C3004E8401 /* Repository */,
				AC2A0BD02C5111A5004E8401 /* Networking */,
				AC2A0BB32C51063F004E8401 /* Model */,
				AC2A0BAD2C50FDC6004E8401 /* View */,
				AC2A0BAC2C50FD38004E8401 /* CustomViews */,
				AC2A0BAB2C50FD23004E8401 /* App */,
				ACA6B1CD2C50DDC000512F13 /* Assets.xcassets */,
				ACA6B1CF2C50DDC000512F13 /* Preview Content */,
			);
			path = MatchMate;
			sourceTree = "<group>";
		};
		ACA6B1CF2C50DDC000512F13 /* Preview Content */ = {
			isa = PBXGroup;
			children = (
				ACA6B1D02C50DDC000512F13 /* Preview Assets.xcassets */,
			);
			path = "Preview Content";
			sourceTree = "<group>";
		};
		ACA6B1D92C50DDC000512F13 /* MatchMateTests */ = {
			isa = PBXGroup;
			children = (
				AC70302A2C53540A00AB5E52 /* ViewModel */,
				ACA6B1DA2C50DDC000512F13 /* MatchMateTests.swift */,
			);
			path = MatchMateTests;
			sourceTree = "<group>";
		};
		ACA6B1E32C50DDC000512F13 /* MatchMateUITests */ = {
			isa = PBXGroup;
			children = (
				ACA6B1E42C50DDC000512F13 /* MatchMateUITests.swift */,
				ACA6B1E62C50DDC000512F13 /* MatchMateUITestsLaunchTests.swift */,
			);
			path = MatchMateUITests;
			sourceTree = "<group>";
		};
		ACDCBC522C52326D0078237B /* Frameworks */ = {
			isa = PBXGroup;
			children = (
			);
			name = Frameworks;
			sourceTree = "<group>";
		};
/* End PBXGroup section */

/* Begin PBXNativeTarget section */
		ACA6B1C52C50DDBF00512F13 /* MatchMate */ = {
			isa = PBXNativeTarget;
			buildConfigurationList = ACA6B1EA2C50DDC000512F13 /* Build configuration list for PBXNativeTarget "MatchMate" */;
			buildPhases = (
				ACA6B1C22C50DDBF00512F13 /* Sources */,
				ACA6B1C32C50DDBF00512F13 /* Frameworks */,
				ACA6B1C42C50DDBF00512F13 /* Resources */,
			);
			buildRules = (
			);
			dependencies = (
			);
			name = MatchMate;
			packageProductDependencies = (
				ACDCBC532C52326D0078237B /* SDWebImageSwiftUI */,
			);
			productName = MatchMate;
			productReference = ACA6B1C62C50DDBF00512F13 /* MatchMate.app */;
			productType = "com.apple.product-type.application";
		};
		ACA6B1D52C50DDC000512F13 /* MatchMateTests */ = {
			isa = PBXNativeTarget;
			buildConfigurationList = ACA6B1ED2C50DDC000512F13 /* Build configuration list for PBXNativeTarget "MatchMateTests" */;
			buildPhases = (
				ACA6B1D22C50DDC000512F13 /* Sources */,
				ACA6B1D32C50DDC000512F13 /* Frameworks */,
				ACA6B1D42C50DDC000512F13 /* Resources */,
			);
			buildRules = (
			);
			dependencies = (
				ACA6B1D82C50DDC000512F13 /* PBXTargetDependency */,
			);
			name = MatchMateTests;
			productName = MatchMateTests;
			productReference = ACA6B1D62C50DDC000512F13 /* MatchMateTests.xctest */;
			productType = "com.apple.product-type.bundle.unit-test";
		};
		ACA6B1DF2C50DDC000512F13 /* MatchMateUITests */ = {
			isa = PBXNativeTarget;
			buildConfigurationList = ACA6B1F02C50DDC000512F13 /* Build configuration list for PBXNativeTarget "MatchMateUITests" */;
			buildPhases = (
				ACA6B1DC2C50DDC000512F13 /* Sources */,
				ACA6B1DD2C50DDC000512F13 /* Frameworks */,
				ACA6B1DE2C50DDC000512F13 /* Resources */,
			);
			buildRules = (
			);
			dependencies = (
				ACA6B1E22C50DDC000512F13 /* PBXTargetDependency */,
			);
			name = MatchMateUITests;
			productName = MatchMateUITests;
			productReference = ACA6B1E02C50DDC000512F13 /* MatchMateUITests.xctest */;
			productType = "com.apple.product-type.bundle.ui-testing";
		};
/* End PBXNativeTarget section */

/* Begin PBXProject section */
		ACA6B1BE2C50DDBF00512F13 /* Project object */ = {
			isa = PBXProject;
			attributes = {
				BuildIndependentTargetsInParallel = 1;
				LastSwiftUpdateCheck = 1540;
				LastUpgradeCheck = 1540;
				TargetAttributes = {
					ACA6B1C52C50DDBF00512F13 = {
						CreatedOnToolsVersion = 15.4;
					};
					ACA6B1D52C50DDC000512F13 = {
						CreatedOnToolsVersion = 15.4;
						TestTargetID = ACA6B1C52C50DDBF00512F13;
					};
					ACA6B1DF2C50DDC000512F13 = {
						CreatedOnToolsVersion = 15.4;
						TestTargetID = ACA6B1C52C50DDBF00512F13;
					};
				};
			};
			buildConfigurationList = ACA6B1C12C50DDBF00512F13 /* Build configuration list for PBXProject "MatchMate" */;
			compatibilityVersion = "Xcode 14.0";
			developmentRegion = en;
			hasScannedForEncodings = 0;
			knownRegions = (
				en,
				Base,
			);
			mainGroup = ACA6B1BD2C50DDBF00512F13;
			packageReferences = (
				ACDCBC512C52323B0078237B /* XCRemoteSwiftPackageReference "SDWebImageSwiftUI" */,
			);
			productRefGroup = ACA6B1C72C50DDBF00512F13 /* Products */;
			projectDirPath = "";
			projectRoot = "";
			targets = (
				ACA6B1C52C50DDBF00512F13 /* MatchMate */,
				ACA6B1D52C50DDC000512F13 /* MatchMateTests */,
				ACA6B1DF2C50DDC000512F13 /* MatchMateUITests */,
			);
		};
/* End PBXProject section */

/* Begin PBXResourcesBuildPhase section */
		ACA6B1C42C50DDBF00512F13 /* Resources */ = {
			isa = PBXResourcesBuildPhase;
			buildActionMask = 2147483647;
			files = (
				ACA6B1D12C50DDC000512F13 /* Preview Assets.xcassets in Resources */,
				ACA6B1CE2C50DDC000512F13 /* Assets.xcassets in Resources */,
			);
			runOnlyForDeploymentPostprocessing = 0;
		};
		ACA6B1D42C50DDC000512F13 /* Resources */ = {
			isa = PBXResourcesBuildPhase;
			buildActionMask = 2147483647;
			files = (
			);
			runOnlyForDeploymentPostprocessing = 0;
		};
		ACA6B1DE2C50DDC000512F13 /* Resources */ = {
			isa = PBXResourcesBuildPhase;
			buildActionMask = 2147483647;
			files = (
			);
			runOnlyForDeploymentPostprocessing = 0;
		};
/* End PBXResourcesBuildPhase section */

/* Begin PBXSourcesBuildPhase section */
		ACA6B1C22C50DDBF00512F13 /* Sources */ = {
			isa = PBXSourcesBuildPhase;
			buildActionMask = 2147483647;
			files = (
				AC2A0BCD2C51064F004E8401 /* Profile.swift in Sources */,
				AC092B0C2C51A15D0034DFB6 /* Login.swift in Sources */,
				AC2A0BC22C51064F004E8401 /* Picture.swift in Sources */,
				AC2A0BAF2C50FDFB004E8401 /* NewMatchesView.swift in Sources */,
				ACA6B1CC2C50DDBF00512F13 /* ContentView.swift in Sources */,
				ACA6B1CA2C50DDBF00512F13 /* MatchMateApp.swift in Sources */,
				AC2A0BCA2C51064F004E8401 /* Location.swift in Sources */,
				AC2A0BDE2C518872004E8401 /* MatchMateModel.xcdatamodeld in Sources */,
				AC2A0BD42C51124B004E8401 /* NetworkService.swift in Sources */,
				AC092B0A2C519FD70034DFB6 /* CoreDataManager.swift in Sources */,
				AC2A0BCF2C510A43004E8401 /* ProfileView.swift in Sources */,
				ACDCBC602C5258EE0078237B /* AcceptButton.swift in Sources */,
				AC2A0BD22C5111C9004E8401 /* NetworkServiceProtocol.swift in Sources */,
				AC2A0BC52C51064F004E8401 /* Dob.swift in Sources */,
				AC2A0BD62C511FFE004E8401 /* NetworkError.swift in Sources */,
				AC7030292C528F5900AB5E52 /* HomeView.swift in Sources */,
				AC2A0BC12C51064F004E8401 /* ProfileResult.swift in Sources */,
				AC2A0BE12C518D57004E8401 /* CoreDataService.swift in Sources */,
				AC70302E2C535FE500AB5E52 /* EmptyStateView.swift in Sources */,
				AC2A0BB12C50FE14004E8401 /* NewMatchesViewModel.swift in Sources */,
				AC2A0BD82C51226D004E8401 /* NetworkConstant.swift in Sources */,
				ACDCBC622C5258FB0078237B /* RejectButton.swift in Sources */,
				AC2A0BDB2C5123EC004E8401 /* ProfileRepository.swift in Sources */,
				AC2A0BC32C51064F004E8401 /* Info.swift in Sources */,
				AC2A0BC92C51064F004E8401 /* Name.swift in Sources */,
				AC092B152C51A4FF0034DFB6 /* Profile+CoreDataClass.swift in Sources */,
				AC092B162C51A4FF0034DFB6 /* Profile+CoreDataProperties.swift in Sources */,
			);
			runOnlyForDeploymentPostprocessing = 0;
		};
		ACA6B1D22C50DDC000512F13 /* Sources */ = {
			isa = PBXSourcesBuildPhase;
			buildActionMask = 2147483647;
			files = (
				ACA6B1DB2C50DDC000512F13 /* MatchMateTests.swift in Sources */,
				AC70302C2C53542500AB5E52 /* NewMatchesViewModelTest.swift in Sources */,
			);
			runOnlyForDeploymentPostprocessing = 0;
		};
		ACA6B1DC2C50DDC000512F13 /* Sources */ = {
			isa = PBXSourcesBuildPhase;
			buildActionMask = 2147483647;
			files = (
				ACA6B1E52C50DDC000512F13 /* MatchMateUITests.swift in Sources */,
				ACA6B1E72C50DDC000512F13 /* MatchMateUITestsLaunchTests.swift in Sources */,
			);
			runOnlyForDeploymentPostprocessing = 0;
		};
/* End PBXSourcesBuildPhase section */

/* Begin PBXTargetDependency section */
		ACA6B1D82C50DDC000512F13 /* PBXTargetDependency */ = {
			isa = PBXTargetDependency;
			target = ACA6B1C52C50DDBF00512F13 /* MatchMate */;
			targetProxy = ACA6B1D72C50DDC000512F13 /* PBXContainerItemProxy */;
		};
		ACA6B1E22C50DDC000512F13 /* PBXTargetDependency */ = {
			isa = PBXTargetDependency;
			target = ACA6B1C52C50DDBF00512F13 /* MatchMate */;
			targetProxy = ACA6B1E12C50DDC000512F13 /* PBXContainerItemProxy */;
		};
/* End PBXTargetDependency section */

/* Begin XCBuildConfiguration section */
		ACA6B1E82C50DDC000512F13 /* Debug */ = {
			isa = XCBuildConfiguration;
			buildSettings = {
				ALWAYS_SEARCH_USER_PATHS = NO;
				ASSETCATALOG_COMPILER_GENERATE_SWIFT_ASSET_SYMBOL_EXTENSIONS = YES;
				CLANG_ANALYZER_NONNULL = YES;
				CLANG_ANALYZER_NUMBER_OBJECT_CONVERSION = YES_AGGRESSIVE;
				CLANG_CXX_LANGUAGE_STANDARD = "gnu++20";
				CLANG_ENABLE_MODULES = YES;
				CLANG_ENABLE_OBJC_ARC = YES;
				CLANG_ENABLE_OBJC_WEAK = YES;
				CLANG_WARN_BLOCK_CAPTURE_AUTORELEASING = YES;
				CLANG_WARN_BOOL_CONVERSION = YES;
				CLANG_WARN_COMMA = YES;
				CLANG_WARN_CONSTANT_CONVERSION = YES;
				CLANG_WARN_DEPRECATED_OBJC_IMPLEMENTATIONS = YES;
				CLANG_WARN_DIRECT_OBJC_ISA_USAGE = YES_ERROR;
				CLANG_WARN_DOCUMENTATION_COMMENTS = YES;
				CLANG_WARN_EMPTY_BODY = YES;
				CLANG_WARN_ENUM_CONVERSION = YES;
				CLANG_WARN_INFINITE_RECURSION = YES;
				CLANG_WARN_INT_CONVERSION = YES;
				CLANG_WARN_NON_LITERAL_NULL_CONVERSION = YES;
				CLANG_WARN_OBJC_IMPLICIT_RETAIN_SELF = YES;
				CLANG_WARN_OBJC_LITERAL_CONVERSION = YES;
				CLANG_WARN_OBJC_ROOT_CLASS = YES_ERROR;
				CLANG_WARN_QUOTED_INCLUDE_IN_FRAMEWORK_HEADER = YES;
				CLANG_WARN_RANGE_LOOP_ANALYSIS = YES;
				CLANG_WARN_STRICT_PROTOTYPES = YES;
				CLANG_WARN_SUSPICIOUS_MOVE = YES;
				CLANG_WARN_UNGUARDED_AVAILABILITY = YES_AGGRESSIVE;
				CLANG_WARN_UNREACHABLE_CODE = YES;
				CLANG_WARN__DUPLICATE_METHOD_MATCH = YES;
				COPY_PHASE_STRIP = NO;
				DEBUG_INFORMATION_FORMAT = dwarf;
				ENABLE_STRICT_OBJC_MSGSEND = YES;
				ENABLE_TESTABILITY = YES;
				ENABLE_USER_SCRIPT_SANDBOXING = YES;
				GCC_C_LANGUAGE_STANDARD = gnu17;
				GCC_DYNAMIC_NO_PIC = NO;
				GCC_NO_COMMON_BLOCKS = YES;
				GCC_OPTIMIZATION_LEVEL = 0;
				GCC_PREPROCESSOR_DEFINITIONS = (
					"DEBUG=1",
					"$(inherited)",
				);
				GCC_WARN_64_TO_32_BIT_CONVERSION = YES;
				GCC_WARN_ABOUT_RETURN_TYPE = YES_ERROR;
				GCC_WARN_UNDECLARED_SELECTOR = YES;
				GCC_WARN_UNINITIALIZED_AUTOS = YES_AGGRESSIVE;
				GCC_WARN_UNUSED_FUNCTION = YES;
				GCC_WARN_UNUSED_VARIABLE = YES;
				IPHONEOS_DEPLOYMENT_TARGET = 17.5;
				LOCALIZATION_PREFERS_STRING_CATALOGS = YES;
				MTL_ENABLE_DEBUG_INFO = INCLUDE_SOURCE;
				MTL_FAST_MATH = YES;
				ONLY_ACTIVE_ARCH = YES;
				SDKROOT = iphoneos;
				SWIFT_ACTIVE_COMPILATION_CONDITIONS = "DEBUG $(inherited)";
				SWIFT_OPTIMIZATION_LEVEL = "-Onone";
			};
			name = Debug;
		};
		ACA6B1E92C50DDC000512F13 /* Release */ = {
			isa = XCBuildConfiguration;
			buildSettings = {
				ALWAYS_SEARCH_USER_PATHS = NO;
				ASSETCATALOG_COMPILER_GENERATE_SWIFT_ASSET_SYMBOL_EXTENSIONS = YES;
				CLANG_ANALYZER_NONNULL = YES;
				CLANG_ANALYZER_NUMBER_OBJECT_CONVERSION = YES_AGGRESSIVE;
				CLANG_CXX_LANGUAGE_STANDARD = "gnu++20";
				CLANG_ENABLE_MODULES = YES;
				CLANG_ENABLE_OBJC_ARC = YES;
				CLANG_ENABLE_OBJC_WEAK = YES;
				CLANG_WARN_BLOCK_CAPTURE_AUTORELEASING = YES;
				CLANG_WARN_BOOL_CONVERSION = YES;
				CLANG_WARN_COMMA = YES;
				CLANG_WARN_CONSTANT_CONVERSION = YES;
				CLANG_WARN_DEPRECATED_OBJC_IMPLEMENTATIONS = YES;
				CLANG_WARN_DIRECT_OBJC_ISA_USAGE = YES_ERROR;
				CLANG_WARN_DOCUMENTATION_COMMENTS = YES;
				CLANG_WARN_EMPTY_BODY = YES;
				CLANG_WARN_ENUM_CONVERSION = YES;
				CLANG_WARN_INFINITE_RECURSION = YES;
				CLANG_WARN_INT_CONVERSION = YES;
				CLANG_WARN_NON_LITERAL_NULL_CONVERSION = YES;
				CLANG_WARN_OBJC_IMPLICIT_RETAIN_SELF = YES;
				CLANG_WARN_OBJC_LITERAL_CONVERSION = YES;
				CLANG_WARN_OBJC_ROOT_CLASS = YES_ERROR;
				CLANG_WARN_QUOTED_INCLUDE_IN_FRAMEWORK_HEADER = YES;
				CLANG_WARN_RANGE_LOOP_ANALYSIS = YES;
				CLANG_WARN_STRICT_PROTOTYPES = YES;
				CLANG_WARN_SUSPICIOUS_MOVE = YES;
				CLANG_WARN_UNGUARDED_AVAILABILITY = YES_AGGRESSIVE;
				CLANG_WARN_UNREACHABLE_CODE = YES;
				CLANG_WARN__DUPLICATE_METHOD_MATCH = YES;
				COPY_PHASE_STRIP = NO;
				DEBUG_INFORMATION_FORMAT = "dwarf-with-dsym";
				ENABLE_NS_ASSERTIONS = NO;
				ENABLE_STRICT_OBJC_MSGSEND = YES;
				ENABLE_USER_SCRIPT_SANDBOXING = YES;
				GCC_C_LANGUAGE_STANDARD = gnu17;
				GCC_NO_COMMON_BLOCKS = YES;
				GCC_WARN_64_TO_32_BIT_CONVERSION = YES;
				GCC_WARN_ABOUT_RETURN_TYPE = YES_ERROR;
				GCC_WARN_UNDECLARED_SELECTOR = YES;
				GCC_WARN_UNINITIALIZED_AUTOS = YES_AGGRESSIVE;
				GCC_WARN_UNUSED_FUNCTION = YES;
				GCC_WARN_UNUSED_VARIABLE = YES;
				IPHONEOS_DEPLOYMENT_TARGET = 17.5;
				LOCALIZATION_PREFERS_STRING_CATALOGS = YES;
				MTL_ENABLE_DEBUG_INFO = NO;
				MTL_FAST_MATH = YES;
				SDKROOT = iphoneos;
				SWIFT_COMPILATION_MODE = wholemodule;
				VALIDATE_PRODUCT = YES;
			};
			name = Release;
		};
		ACA6B1EB2C50DDC000512F13 /* Debug */ = {
			isa = XCBuildConfiguration;
			buildSettings = {
				ASSETCATALOG_COMPILER_APPICON_NAME = AppIcon;
				ASSETCATALOG_COMPILER_GLOBAL_ACCENT_COLOR_NAME = AccentColor;
				CODE_SIGN_STYLE = Automatic;
				CURRENT_PROJECT_VERSION = 1;
				DEVELOPMENT_ASSET_PATHS = "\"MatchMate/Preview Content\"";
				DEVELOPMENT_TEAM = 2927LU2Y84;
				ENABLE_PREVIEWS = YES;
				GENERATE_INFOPLIST_FILE = YES;
				INFOPLIST_FILE = MatchMate/Info.plist;
				INFOPLIST_KEY_UIApplicationSceneManifest_Generation = YES;
				INFOPLIST_KEY_UIApplicationSupportsIndirectInputEvents = YES;
				INFOPLIST_KEY_UISupportedInterfaceOrientations_iPad = "UIInterfaceOrientationPortrait UIInterfaceOrientationPortraitUpsideDown UIInterfaceOrientationLandscapeLeft UIInterfaceOrientationLandscapeRight";
				INFOPLIST_KEY_UISupportedInterfaceOrientations_iPhone = "UIInterfaceOrientationPortrait UIInterfaceOrientationLandscapeLeft UIInterfaceOrientationLandscapeRight";
				LD_RUNPATH_SEARCH_PATHS = (
					"$(inherited)",
					"@executable_path/Frameworks",
				);
				MARKETING_VERSION = 1.0;
				PRODUCT_BUNDLE_IDENTIFIER = com.amrut.MatchMate;
				PRODUCT_NAME = "$(TARGET_NAME)";
				SWIFT_EMIT_LOC_STRINGS = YES;
				SWIFT_VERSION = 5.0;
				TARGETED_DEVICE_FAMILY = "1,2";
			};
			name = Debug;
		};
		ACA6B1EC2C50DDC000512F13 /* Release */ = {
			isa = XCBuildConfiguration;
			buildSettings = {
				ASSETCATALOG_COMPILER_APPICON_NAME = AppIcon;
				ASSETCATALOG_COMPILER_GLOBAL_ACCENT_COLOR_NAME = AccentColor;
				CODE_SIGN_STYLE = Automatic;
				CURRENT_PROJECT_VERSION = 1;
				DEVELOPMENT_ASSET_PATHS = "\"MatchMate/Preview Content\"";
				DEVELOPMENT_TEAM = 2927LU2Y84;
				ENABLE_PREVIEWS = YES;
				GENERATE_INFOPLIST_FILE = YES;
				INFOPLIST_FILE = MatchMate/Info.plist;
				INFOPLIST_KEY_UIApplicationSceneManifest_Generation = YES;
				INFOPLIST_KEY_UIApplicationSupportsIndirectInputEvents = YES;
				INFOPLIST_KEY_UISupportedInterfaceOrientations_iPad = "UIInterfaceOrientationPortrait UIInterfaceOrientationPortraitUpsideDown UIInterfaceOrientationLandscapeLeft UIInterfaceOrientationLandscapeRight";
				INFOPLIST_KEY_UISupportedInterfaceOrientations_iPhone = "UIInterfaceOrientationPortrait UIInterfaceOrientationLandscapeLeft UIInterfaceOrientationLandscapeRight";
				LD_RUNPATH_SEARCH_PATHS = (
					"$(inherited)",
					"@executable_path/Frameworks",
				);
				MARKETING_VERSION = 1.0;
				PRODUCT_BUNDLE_IDENTIFIER = com.amrut.MatchMate;
				PRODUCT_NAME = "$(TARGET_NAME)";
				SWIFT_EMIT_LOC_STRINGS = YES;
				SWIFT_VERSION = 5.0;
				TARGETED_DEVICE_FAMILY = "1,2";
			};
			name = Release;
		};
		ACA6B1EE2C50DDC000512F13 /* Debug */ = {
			isa = XCBuildConfiguration;
			buildSettings = {
				ALWAYS_EMBED_SWIFT_STANDARD_LIBRARIES = YES;
				BUNDLE_LOADER = "$(TEST_HOST)";
				CODE_SIGN_STYLE = Automatic;
				CURRENT_PROJECT_VERSION = 1;
				DEVELOPMENT_TEAM = 2927LU2Y84;
				GENERATE_INFOPLIST_FILE = YES;
				IPHONEOS_DEPLOYMENT_TARGET = 17.5;
				MARKETING_VERSION = 1.0;
				PRODUCT_BUNDLE_IDENTIFIER = com.amrut.MatchMateTests;
				PRODUCT_NAME = "$(TARGET_NAME)";
				SWIFT_EMIT_LOC_STRINGS = NO;
				SWIFT_VERSION = 5.0;
				TARGETED_DEVICE_FAMILY = "1,2";
				TEST_HOST = "$(BUILT_PRODUCTS_DIR)/MatchMate.app/$(BUNDLE_EXECUTABLE_FOLDER_PATH)/MatchMate";
			};
			name = Debug;
		};
		ACA6B1EF2C50DDC000512F13 /* Release */ = {
			isa = XCBuildConfiguration;
			buildSettings = {
				ALWAYS_EMBED_SWIFT_STANDARD_LIBRARIES = YES;
				BUNDLE_LOADER = "$(TEST_HOST)";
				CODE_SIGN_STYLE = Automatic;
				CURRENT_PROJECT_VERSION = 1;
				DEVELOPMENT_TEAM = 2927LU2Y84;
				GENERATE_INFOPLIST_FILE = YES;
				IPHONEOS_DEPLOYMENT_TARGET = 17.5;
				MARKETING_VERSION = 1.0;
				PRODUCT_BUNDLE_IDENTIFIER = com.amrut.MatchMateTests;
				PRODUCT_NAME = "$(TARGET_NAME)";
				SWIFT_EMIT_LOC_STRINGS = NO;
				SWIFT_VERSION = 5.0;
				TARGETED_DEVICE_FAMILY = "1,2";
				TEST_HOST = "$(BUILT_PRODUCTS_DIR)/MatchMate.app/$(BUNDLE_EXECUTABLE_FOLDER_PATH)/MatchMate";
			};
			name = Release;
		};
		ACA6B1F12C50DDC000512F13 /* Debug */ = {
			isa = XCBuildConfiguration;
			buildSettings = {
				ALWAYS_EMBED_SWIFT_STANDARD_LIBRARIES = YES;
				CODE_SIGN_STYLE = Automatic;
				CURRENT_PROJECT_VERSION = 1;
				DEVELOPMENT_TEAM = 2927LU2Y84;
				GENERATE_INFOPLIST_FILE = YES;
				MARKETING_VERSION = 1.0;
				PRODUCT_BUNDLE_IDENTIFIER = com.amrut.MatchMateUITests;
				PRODUCT_NAME = "$(TARGET_NAME)";
				SWIFT_EMIT_LOC_STRINGS = NO;
				SWIFT_VERSION = 5.0;
				TARGETED_DEVICE_FAMILY = "1,2";
				TEST_TARGET_NAME = MatchMate;
			};
			name = Debug;
		};
		ACA6B1F22C50DDC000512F13 /* Release */ = {
			isa = XCBuildConfiguration;
			buildSettings = {
				ALWAYS_EMBED_SWIFT_STANDARD_LIBRARIES = YES;
				CODE_SIGN_STYLE = Automatic;
				CURRENT_PROJECT_VERSION = 1;
				DEVELOPMENT_TEAM = 2927LU2Y84;
				GENERATE_INFOPLIST_FILE = YES;
				MARKETING_VERSION = 1.0;
				PRODUCT_BUNDLE_IDENTIFIER = com.amrut.MatchMateUITests;
				PRODUCT_NAME = "$(TARGET_NAME)";
				SWIFT_EMIT_LOC_STRINGS = NO;
				SWIFT_VERSION = 5.0;
				TARGETED_DEVICE_FAMILY = "1,2";
				TEST_TARGET_NAME = MatchMate;
			};
			name = Release;
		};
/* End XCBuildConfiguration section */

/* Begin XCConfigurationList section */
		ACA6B1C12C50DDBF00512F13 /* Build configuration list for PBXProject "MatchMate" */ = {
			isa = XCConfigurationList;
			buildConfigurations = (
				ACA6B1E82C50DDC000512F13 /* Debug */,
				ACA6B1E92C50DDC000512F13 /* Release */,
			);
			defaultConfigurationIsVisible = 0;
			defaultConfigurationName = Release;
		};
		ACA6B1EA2C50DDC000512F13 /* Build configuration list for PBXNativeTarget "MatchMate" */ = {
			isa = XCConfigurationList;
			buildConfigurations = (
				ACA6B1EB2C50DDC000512F13 /* Debug */,
				ACA6B1EC2C50DDC000512F13 /* Release */,
			);
			defaultConfigurationIsVisible = 0;
			defaultConfigurationName = Release;
		};
		ACA6B1ED2C50DDC000512F13 /* Build configuration list for PBXNativeTarget "MatchMateTests" */ = {
			isa = XCConfigurationList;
			buildConfigurations = (
				ACA6B1EE2C50DDC000512F13 /* Debug */,
				ACA6B1EF2C50DDC000512F13 /* Release */,
			);
			defaultConfigurationIsVisible = 0;
			defaultConfigurationName = Release;
		};
		ACA6B1F02C50DDC000512F13 /* Build configuration list for PBXNativeTarget "MatchMateUITests" */ = {
			isa = XCConfigurationList;
			buildConfigurations = (
				ACA6B1F12C50DDC000512F13 /* Debug */,
				ACA6B1F22C50DDC000512F13 /* Release */,
			);
			defaultConfigurationIsVisible = 0;
			defaultConfigurationName = Release;
		};
/* End XCConfigurationList section */

/* Begin XCRemoteSwiftPackageReference section */
		ACDCBC512C52323B0078237B /* XCRemoteSwiftPackageReference "SDWebImageSwiftUI" */ = {
			isa = XCRemoteSwiftPackageReference;
			repositoryURL = "https://github.com/SDWebImage/SDWebImageSwiftUI.git";
			requirement = {
				kind = upToNextMajorVersion;
				minimumVersion = 3.1.1;
			};
		};
/* End XCRemoteSwiftPackageReference section */

/* Begin XCSwiftPackageProductDependency section */
		ACDCBC532C52326D0078237B /* SDWebImageSwiftUI */ = {
			isa = XCSwiftPackageProductDependency;
			package = ACDCBC512C52323B0078237B /* XCRemoteSwiftPackageReference "SDWebImageSwiftUI" */;
			productName = SDWebImageSwiftUI;
		};
/* End XCSwiftPackageProductDependency section */

/* Begin XCVersionGroup section */
		AC2A0BDC2C518872004E8401 /* MatchMateModel.xcdatamodeld */ = {
			isa = XCVersionGroup;
			children = (
				AC2A0BDD2C518872004E8401 /* MatchMateModel.xcdatamodel */,
			);
			currentVersion = AC2A0BDD2C518872004E8401 /* MatchMateModel.xcdatamodel */;
			name = MatchMateModel.xcdatamodeld;
			path = "/Users/amrutwaghmare/Documents/Project/Github Project/MatchMate/MatchMateModel.xcdatamodeld";
			sourceTree = "<group>";
			versionGroupType = wrapper.xcdatamodel;
		};
/* End XCVersionGroup section */
	};
	rootObject = ACA6B1BE2C50DDBF00512F13 /* Project object */;
}
