// !$*UTF8*$!
{
	archiveVersion = 1;
	classes = {
	};
	objectVersion = 56;
	objects = {

/* Begin PBXBuildFile section */
		ACA6B1CA2C50DDBF00512F13 /* MatchMateApp.swift in Sources */ = {isa = PBXBuildFile; fileRef = ACA6B1C92C50DDBF00512F13 /* MatchMateApp.swift */; };
		ACA6B1CC2C50DDBF00512F13 /* ContentView.swift in Sources */ = {isa = PBXBuildFile; fileRef = ACA6B1CB2C50DDBF00512F13 /* ContentView.swift */; };
		ACA6B1CE2C50DDC000512F13 /* Assets.xcassets in Resources */ = {isa = PBXBuildFile; fileRef = ACA6B1CD2C50DDC000512F13 /* Assets.xcassets */; };
		ACA6B1D12C50DDC000512F13 /* Preview Assets.xcassets in Resources */ = {isa = PBXBuildFile; fileRef = ACA6B1D02C50DDC000512F13 /* Preview Assets.xcassets */; };
		ACA6B1DB2C50DDC000512F13 /* MatchMateTests.swift in Sources */ = {isa = PBXBuildFile; fileRef = ACA6B1DA2C50DDC000512F13 /* MatchMateTests.swift */; };
		ACA6B1E52C50DDC000512F13 /* MatchMateUITests.swift in Sources */ = {isa = PBXBuildFile; fileRef = ACA6B1E42C50DDC000512F13 /* MatchMateUITests.swift */; };
		ACA6B1E72C50DDC000512F13 /* MatchMateUITestsLaunchTests.swift in Sources */ = {isa = PBXBuildFile; fileRef = ACA6B1E62C50DDC000512F13 /* MatchMateUITestsLaunchTests.swift */; };
/* End PBXBuildFile section */

/* Begin PBXContainerItemProxy section */
		ACA6B1D72C50DDC000512F13 /* PBXContainerItemProxy */ = {
			isa = PBXContainerItemProxy;
			containerPortal = ACA6B1BE2C50DDBF00512F13 /* Project object */;
			proxyType = 1;
			remoteGlobalIDString = ACA6B1C52C50DDBF00512F13;
			remoteInfo = MatchMate;
		};
		ACA6B1E12C50DDC000512F13 /* PBXContainerItemProxy */ = {
			isa = PBXContainerItemProxy;
			containerPortal = ACA6B1BE2C50DDBF00512F13 /* Project object */;
			proxyType = 1;
			remoteGlobalIDString = ACA6B1C52C50DDBF00512F13;
			remoteInfo = MatchMate;
		};
/* End PBXContainerItemProxy section */

/* Begin PBXFileReference section */
		ACA6B1C62C50DDBF00512F13 /* MatchMate.app */ = {isa = PBXFileReference; explicitFileType = wrapper.application; includeInIndex = 0; path = MatchMate.app; sourceTree = BUILT_PRODUCTS_DIR; };
		ACA6B1C92C50DDBF00512F13 /* MatchMateApp.swift */ = {isa = PBXFileReference; lastKnownFileType = sourcecode.swift; path = MatchMateApp.swift; sourceTree = "<group>"; };
		ACA6B1CB2C50DDBF00512F13 /* ContentView.swift */ = {isa = PBXFileReference; lastKnownFileType = sourcecode.swift; path = ContentView.swift; sourceTree = "<group>"; };
		ACA6B1CD2C50DDC000512F13 /* Assets.xcassets */ = {isa = PBXFileReference; lastKnownFileType = folder.assetcatalog; path = Assets.xcassets; sourceTree = "<group>"; };
		ACA6B1D02C50DDC000512F13 /* Preview Assets.xcassets */ = {isa = PBXFileReference; lastKnownFileType = folder.assetcatalog; path = "Preview Assets.xcassets"; sourceTree = "<group>"; };
		ACA6B1D62C50DDC000512F13 /* MatchMateTests.xctest */ = {isa = PBXFileReference; explicitFileType = wrapper.cfbundle; includeInIndex = 0; path = MatchMateTests.xctest; sourceTree = BUILT_PRODUCTS_DIR; };
		ACA6B1DA2C50DDC000512F13 /* MatchMateTests.swift */ = {isa = PBXFileReference; lastKnownFileType = sourcecode.swift; path = MatchMateTests.swift; sourceTree = "<group>"; };
		ACA6B1E02C50DDC000512F13 /* MatchMateUITests.xctest */ = {isa = PBXFileReference; explicitFileType = wrapper.cfbundle; includeInIndex = 0; path = MatchMateUITests.xctest; sourceTree = BUILT_PRODUCTS_DIR; };
		ACA6B1E42C50DDC000512F13 /* MatchMateUITests.swift */ = {isa = PBXFileReference; lastKnownFileType = sourcecode.swift; path = MatchMateUITests.swift; sourceTree = "<group>"; };
		ACA6B1E62C50DDC000512F13 /* MatchMateUITestsLaunchTests.swift */ = {isa = PBXFileReference; lastKnownFileType = sourcecode.swift; path = MatchMateUITestsLaunchTests.swift; sourceTree = "<group>"; };
/* End PBXFileReference section */

/* Begin PBXFrameworksBuildPhase section */
		ACA6B1C32C50DDBF00512F13 /* Frameworks */ = {
			isa = PBXFrameworksBuildPhase;
			buildActionMask = 2147483647;
			files = (
			);
			runOnlyForDeploymentPostprocessing = 0;
		};
		ACA6B1D32C50DDC000512F13 /* Frameworks */ = {
			isa = PBXFrameworksBuildPhase;
			buildActionMask = 2147483647;
			files = (
			);
			runOnlyForDeploymentPostprocessing = 0;
		};
		ACA6B1DD2C50DDC000512F13 /* Frameworks */ = {
			isa = PBXFrameworksBuildPhase;
			buildActionMask = 2147483647;
			files = (
			);
			runOnlyForDeploymentPostprocessing = 0;
		};
/* End PBXFrameworksBuildPhase section */

/* Begin PBXGroup section */
		ACA6B1BD2C50DDBF00512F13 = {
			isa = PBXGroup;
			children = (
				ACA6B1C82C50DDBF00512F13 /* MatchMate */,
				ACA6B1D92C50DDC000512F13 /* MatchMateTests */,
				ACA6B1E32C50DDC000512F13 /* MatchMateUITests */,
				ACA6B1C72C50DDBF00512F13 /* Products */,
			);
			sourceTree = "<group>";
		};
		ACA6B1C72C50DDBF00512F13 /* Products */ = {
			isa = PBXGroup;
			children = (
				ACA6B1C62C50DDBF00512F13 /* MatchMate.app */,
				ACA6B1D62C50DDC000512F13 /* MatchMateTests.xctest */,
				ACA6B1E02C50DDC000512F13 /* MatchMateUITests.xctest */,
			);
			name = Products;
			sourceTree = "<group>";
		};
		ACA6B1C82C50DDBF00512F13 /* MatchMate */ = {
			isa = PBXGroup;
			children = (
				ACA6B1C92C50DDBF00512F13 /* MatchMateApp.swift */,
				ACA6B1CB2C50DDBF00512F13 /* ContentView.swift */,
				ACA6B1CD2C50DDC000512F13 /* Assets.xcassets */,
				ACA6B1CF2C50DDC000512F13 /* Preview Content */,
			);
			path = MatchMate;
			sourceTree = "<group>";
		};
		ACA6B1CF2C50DDC000512F13 /* Preview Content */ = {
			isa = PBXGroup;
			children = (
				ACA6B1D02C50DDC000512F13 /* Preview Assets.xcassets */,
			);
			path = "Preview Content";
			sourceTree = "<group>";
		};
		ACA6B1D92C50DDC000512F13 /* MatchMateTests */ = {
			isa = PBXGroup;
			children = (
				ACA6B1DA2C50DDC000512F13 /* MatchMateTests.swift */,
			);
			path = MatchMateTests;
			sourceTree = "<group>";
		};
		ACA6B1E32C50DDC000512F13 /* MatchMateUITests */ = {
			isa = PBXGroup;
			children = (
				ACA6B1E42C50DDC000512F13 /* MatchMateUITests.swift */,
				ACA6B1E62C50DDC000512F13 /* MatchMateUITestsLaunchTests.swift */,
			);
			path = MatchMateUITests;
			sourceTree = "<group>";
		};
/* End PBXGroup section */

/* Begin PBXNativeTarget section */
		ACA6B1C52C50DDBF00512F13 /* MatchMate */ = {
			isa = PBXNativeTarget;
			buildConfigurationList = ACA6B1EA2C50DDC000512F13 /* Build configuration list for PBXNativeTarget "MatchMate" */;
			buildPhases = (
				ACA6B1C22C50DDBF00512F13 /* Sources */,
				ACA6B1C32C50DDBF00512F13 /* Frameworks */,
				ACA6B1C42C50DDBF00512F13 /* Resources */,
			);
			buildRules = (
			);
			dependencies = (
			);
			name = MatchMate;
			productName = MatchMate;
			productReference = ACA6B1C62C50DDBF00512F13 /* MatchMate.app */;
			productType = "com.apple.product-type.application";
		};
		ACA6B1D52C50DDC000512F13 /* MatchMateTests */ = {
			isa = PBXNativeTarget;
			buildConfigurationList = ACA6B1ED2C50DDC000512F13 /* Build configuration list for PBXNativeTarget "MatchMateTests" */;
			buildPhases = (
				ACA6B1D22C50DDC000512F13 /* Sources */,
				ACA6B1D32C50DDC000512F13 /* Frameworks */,
				ACA6B1D42C50DDC000512F13 /* Resources */,
			);
			buildRules = (
			);
			dependencies = (
				ACA6B1D82C50DDC000512F13 /* PBXTargetDependency */,
			);
			name = MatchMateTests;
			productName = MatchMateTests;
			productReference = ACA6B1D62C50DDC000512F13 /* MatchMateTests.xctest */;
			productType = "com.apple.product-type.bundle.unit-test";
		};
		ACA6B1DF2C50DDC000512F13 /* MatchMateUITests */ = {
			isa = PBXNativeTarget;
			buildConfigurationList = ACA6B1F02C50DDC000512F13 /* Build configuration list for PBXNativeTarget "MatchMateUITests" */;
			buildPhases = (
				ACA6B1DC2C50DDC000512F13 /* Sources */,
				ACA6B1DD2C50DDC000512F13 /* Frameworks */,
				ACA6B1DE2C50DDC000512F13 /* Resources */,
			);
			buildRules = (
			);
			dependencies = (
				ACA6B1E22C50DDC000512F13 /* PBXTargetDependency */,
			);
			name = MatchMateUITests;
			productName = MatchMateUITests;
			productReference = ACA6B1E02C50DDC000512F13 /* MatchMateUITests.xctest */;
			productType = "com.apple.product-type.bundle.ui-testing";
		};
/* End PBXNativeTarget section */

/* Begin PBXProject section */
		ACA6B1BE2C50DDBF00512F13 /* Project object */ = {
			isa = PBXProject;
			attributes = {
				BuildIndependentTargetsInParallel = 1;
				LastSwiftUpdateCheck = 1540;
				LastUpgradeCheck = 1540;
				TargetAttributes = {
					ACA6B1C52C50DDBF00512F13 = {
						CreatedOnToolsVersion = 15.4;
					};
					ACA6B1D52C50DDC000512F13 = {
						CreatedOnToolsVersion = 15.4;
						TestTargetID = ACA6B1C52C50DDBF00512F13;
					};
					ACA6B1DF2C50DDC000512F13 = {
						CreatedOnToolsVersion = 15.4;
						TestTargetID = ACA6B1C52C50DDBF00512F13;
					};
				};
			};
			buildConfigurationList = ACA6B1C12C50DDBF00512F13 /* Build configuration list for PBXProject "MatchMate" */;
			compatibilityVersion = "Xcode 14.0";
			developmentRegion = en;
			hasScannedForEncodings = 0;
			knownRegions = (
				en,
				Base,
			);
			mainGroup = ACA6B1BD2C50DDBF00512F13;
			productRefGroup = ACA6B1C72C50DDBF00512F13 /* Products */;
			projectDirPath = "";
			projectRoot = "";
			targets = (
				ACA6B1C52C50DDBF00512F13 /* MatchMate */,
				ACA6B1D52C50DDC000512F13 /* MatchMateTests */,
				ACA6B1DF2C50DDC000512F13 /* MatchMateUITests */,
			);
		};
/* End PBXProject section */

/* Begin PBXResourcesBuildPhase section */
		ACA6B1C42C50DDBF00512F13 /* Resources */ = {
			isa = PBXResourcesBuildPhase;
			buildActionMask = 2147483647;
			files = (
				ACA6B1D12C50DDC000512F13 /* Preview Assets.xcassets in Resources */,
				ACA6B1CE2C50DDC000512F13 /* Assets.xcassets in Resources */,
			);
			runOnlyForDeploymentPostprocessing = 0;
		};
		ACA6B1D42C50DDC000512F13 /* Resources */ = {
			isa = PBXResourcesBuildPhase;
			buildActionMask = 2147483647;
			files = (
			);
			runOnlyForDeploymentPostprocessing = 0;
		};
		ACA6B1DE2C50DDC000512F13 /* Resources */ = {
			isa = PBXResourcesBuildPhase;
			buildActionMask = 2147483647;
			files = (
			);
			runOnlyForDeploymentPostprocessing = 0;
		};
/* End PBXResourcesBuildPhase section */

/* Begin PBXSourcesBuildPhase section */
		ACA6B1C22C50DDBF00512F13 /* Sources */ = {
			isa = PBXSourcesBuildPhase;
			buildActionMask = 2147483647;
			files = (
				ACA6B1CC2C50DDBF00512F13 /* ContentView.swift in Sources */,
				ACA6B1CA2C50DDBF00512F13 /* MatchMateApp.swift in Sources */,
			);
			runOnlyForDeploymentPostprocessing = 0;
		};
		ACA6B1D22C50DDC000512F13 /* Sources */ = {
			isa = PBXSourcesBuildPhase;
			buildActionMask = 2147483647;
			files = (
				ACA6B1DB2C50DDC000512F13 /* MatchMateTests.swift in Sources */,
			);
			runOnlyForDeploymentPostprocessing = 0;
		};
		ACA6B1DC2C50DDC000512F13 /* Sources */ = {
			isa = PBXSourcesBuildPhase;
			buildActionMask = 2147483647;
			files = (
				ACA6B1E52C50DDC000512F13 /* MatchMateUITests.swift in Sources */,
				ACA6B1E72C50DDC000512F13 /* MatchMateUITestsLaunchTests.swift in Sources */,
			);
			runOnlyForDeploymentPostprocessing = 0;
		};
/* End PBXSourcesBuildPhase section */

/* Begin PBXTargetDependency section */
		ACA6B1D82C50DDC000512F13 /* PBXTargetDependency */ = {
			isa = PBXTargetDependency;
			target = ACA6B1C52C50DDBF00512F13 /* MatchMate */;
			targetProxy = ACA6B1D72C50DDC000512F13 /* PBXContainerItemProxy */;
		};
		ACA6B1E22C50DDC000512F13 /* PBXTargetDependency */ = {
			isa = PBXTargetDependency;
			target = ACA6B1C52C50DDBF00512F13 /* MatchMate */;
			targetProxy = ACA6B1E12C50DDC000512F13 /* PBXContainerItemProxy */;
		};
/* End PBXTargetDependency section */

/* Begin XCBuildConfiguration section */
		ACA6B1E82C50DDC000512F13 /* Debug */ = {
			isa = XCBuildConfiguration;
			buildSettings = {
				ALWAYS_SEARCH_USER_PATHS = NO;
				ASSETCATALOG_COMPILER_GENERATE_SWIFT_ASSET_SYMBOL_EXTENSIONS = YES;
				CLANG_ANALYZER_NONNULL = YES;
				CLANG_ANALYZER_NUMBER_OBJECT_CONVERSION = YES_AGGRESSIVE;
				CLANG_CXX_LANGUAGE_STANDARD = "gnu++20";
				CLANG_ENABLE_MODULES = YES;
				CLANG_ENABLE_OBJC_ARC = YES;
				CLANG_ENABLE_OBJC_WEAK = YES;
				CLANG_WARN_BLOCK_CAPTURE_AUTORELEASING = YES;
				CLANG_WARN_BOOL_CONVERSION = YES;
				CLANG_WARN_COMMA = YES;
				CLANG_WARN_CONSTANT_CONVERSION = YES;
				CLANG_WARN_DEPRECATED_OBJC_IMPLEMENTATIONS = YES;
				CLANG_WARN_DIRECT_OBJC_ISA_USAGE = YES_ERROR;
				CLANG_WARN_DOCUMENTATION_COMMENTS = YES;
				CLANG_WARN_EMPTY_BODY = YES;
				CLANG_WARN_ENUM_CONVERSION = YES;
				CLANG_WARN_INFINITE_RECURSION = YES;
				CLANG_WARN_INT_CONVERSION = YES;
				CLANG_WARN_NON_LITERAL_NULL_CONVERSION = YES;
				CLANG_WARN_OBJC_IMPLICIT_RETAIN_SELF = YES;
				CLANG_WARN_OBJC_LITERAL_CONVERSION = YES;
				CLANG_WARN_OBJC_ROOT_CLASS = YES_ERROR;
				CLANG_WARN_QUOTED_INCLUDE_IN_FRAMEWORK_HEADER = YES;
				CLANG_WARN_RANGE_LOOP_ANALYSIS = YES;
				CLANG_WARN_STRICT_PROTOTYPES = YES;
				CLANG_WARN_SUSPICIOUS_MOVE = YES;
				CLANG_WARN_UNGUARDED_AVAILABILITY = YES_AGGRESSIVE;
				CLANG_WARN_UNREACHABLE_CODE = YES;
				CLANG_WARN__DUPLICATE_METHOD_MATCH = YES;
				COPY_PHASE_STRIP = NO;
				DEBUG_INFORMATION_FORMAT = dwarf;
				ENABLE_STRICT_OBJC_MSGSEND = YES;
				ENABLE_TESTABILITY = YES;
				ENABLE_USER_SCRIPT_SANDBOXING = YES;
				GCC_C_LANGUAGE_STANDARD = gnu17;
				GCC_DYNAMIC_NO_PIC = NO;
				GCC_NO_COMMON_BLOCKS = YES;
				GCC_OPTIMIZATION_LEVEL = 0;
				GCC_PREPROCESSOR_DEFINITIONS = (
					"DEBUG=1",
					"$(inherited)",
				);
				GCC_WARN_64_TO_32_BIT_CONVERSION = YES;
				GCC_WARN_ABOUT_RETURN_TYPE = YES_ERROR;
				GCC_WARN_UNDECLARED_SELECTOR = YES;
				GCC_WARN_UNINITIALIZED_AUTOS = YES_AGGRESSIVE;
				GCC_WARN_UNUSED_FUNCTION = YES;
				GCC_WARN_UNUSED_VARIABLE = YES;
				IPHONEOS_DEPLOYMENT_TARGET = 17.5;
				LOCALIZATION_PREFERS_STRING_CATALOGS = YES;
				MTL_ENABLE_DEBUG_INFO = INCLUDE_SOURCE;
				MTL_FAST_MATH = YES;
				ONLY_ACTIVE_ARCH = YES;
				SDKROOT = iphoneos;
				SWIFT_ACTIVE_COMPILATION_CONDITIONS = "DEBUG $(inherited)";
				SWIFT_OPTIMIZATION_LEVEL = "-Onone";
			};
			name = Debug;
		};
		ACA6B1E92C50DDC000512F13 /* Release */ = {
			isa = XCBuildConfiguration;
			buildSettings = {
				ALWAYS_SEARCH_USER_PATHS = NO;
				ASSETCATALOG_COMPILER_GENERATE_SWIFT_ASSET_SYMBOL_EXTENSIONS = YES;
				CLANG_ANALYZER_NONNULL = YES;
				CLANG_ANALYZER_NUMBER_OBJECT_CONVERSION = YES_AGGRESSIVE;
				CLANG_CXX_LANGUAGE_STANDARD = "gnu++20";
				CLANG_ENABLE_MODULES = YES;
				CLANG_ENABLE_OBJC_ARC = YES;
				CLANG_ENABLE_OBJC_WEAK = YES;
				CLANG_WARN_BLOCK_CAPTURE_AUTORELEASING = YES;
				CLANG_WARN_BOOL_CONVERSION = YES;
				CLANG_WARN_COMMA = YES;
				CLANG_WARN_CONSTANT_CONVERSION = YES;
				CLANG_WARN_DEPRECATED_OBJC_IMPLEMENTATIONS = YES;
				CLANG_WARN_DIRECT_OBJC_ISA_USAGE = YES_ERROR;
				CLANG_WARN_DOCUMENTATION_COMMENTS = YES;
				CLANG_WARN_EMPTY_BODY = YES;
				CLANG_WARN_ENUM_CONVERSION = YES;
				CLANG_WARN_INFINITE_RECURSION = YES;
				CLANG_WARN_INT_CONVERSION = YES;
				CLANG_WARN_NON_LITERAL_NULL_CONVERSION = YES;
				CLANG_WARN_OBJC_IMPLICIT_RETAIN_SELF = YES;
				CLANG_WARN_OBJC_LITERAL_CONVERSION = YES;
				CLANG_WARN_OBJC_ROOT_CLASS = YES_ERROR;
				CLANG_WARN_QUOTED_INCLUDE_IN_FRAMEWORK_HEADER = YES;
				CLANG_WARN_RANGE_LOOP_ANALYSIS = YES;
				CLANG_WARN_STRICT_PROTOTYPES = YES;
				CLANG_WARN_SUSPICIOUS_MOVE = YES;
				CLANG_WARN_UNGUARDED_AVAILABILITY = YES_AGGRESSIVE;
				CLANG_WARN_UNREACHABLE_CODE = YES;
				CLANG_WARN__DUPLICATE_METHOD_MATCH = YES;
				COPY_PHASE_STRIP = NO;
				DEBUG_INFORMATION_FORMAT = "dwarf-with-dsym";
				ENABLE_NS_ASSERTIONS = NO;
				ENABLE_STRICT_OBJC_MSGSEND = YES;
				ENABLE_USER_SCRIPT_SANDBOXING = YES;
				GCC_C_LANGUAGE_STANDARD = gnu17;
				GCC_NO_COMMON_BLOCKS = YES;
				GCC_WARN_64_TO_32_BIT_CONVERSION = YES;
				GCC_WARN_ABOUT_RETURN_TYPE = YES_ERROR;
				GCC_WARN_UNDECLARED_SELECTOR = YES;
				GCC_WARN_UNINITIALIZED_AUTOS = YES_AGGRESSIVE;
				GCC_WARN_UNUSED_FUNCTION = YES;
				GCC_WARN_UNUSED_VARIABLE = YES;
				IPHONEOS_DEPLOYMENT_TARGET = 17.5;
				LOCALIZATION_PREFERS_STRING_CATALOGS = YES;
				MTL_ENABLE_DEBUG_INFO = NO;
				MTL_FAST_MATH = YES;
				SDKROOT = iphoneos;
				SWIFT_COMPILATION_MODE = wholemodule;
				VALIDATE_PRODUCT = YES;
			};
			name = Release;
		};
		ACA6B1EB2C50DDC000512F13 /* Debug */ = {
			isa = XCBuildConfiguration;
			buildSettings = {
				ASSETCATALOG_COMPILER_APPICON_NAME = AppIcon;
				ASSETCATALOG_COMPILER_GLOBAL_ACCENT_COLOR_NAME = AccentColor;
				CODE_SIGN_STYLE = Automatic;
				CURRENT_PROJECT_VERSION = 1;
				DEVELOPMENT_ASSET_PATHS = "\"MatchMate/Preview Content\"";
				DEVELOPMENT_TEAM = 2927LU2Y84;
				ENABLE_PREVIEWS = YES;
				GENERATE_INFOPLIST_FILE = YES;
				INFOPLIST_KEY_UIApplicationSceneManifest_Generation = YES;
				INFOPLIST_KEY_UIApplicationSupportsIndirectInputEvents = YES;
				INFOPLIST_KEY_UILaunchScreen_Generation = YES;
				INFOPLIST_KEY_UISupportedInterfaceOrientations_iPad = "UIInterfaceOrientationPortrait UIInterfaceOrientationPortraitUpsideDown UIInterfaceOrientationLandscapeLeft UIInterfaceOrientationLandscapeRight";
				INFOPLIST_KEY_UISupportedInterfaceOrientations_iPhone = "UIInterfaceOrientationPortrait UIInterfaceOrientationLandscapeLeft UIInterfaceOrientationLandscapeRight";
				LD_RUNPATH_SEARCH_PATHS = (
					"$(inherited)",
					"@executable_path/Frameworks",
				);
				MARKETING_VERSION = 1.0;
				PRODUCT_BUNDLE_IDENTIFIER = com.amrut.MatchMate;
				PRODUCT_NAME = "$(TARGET_NAME)";
				SWIFT_EMIT_LOC_STRINGS = YES;
				SWIFT_VERSION = 5.0;
				TARGETED_DEVICE_FAMILY = "1,2";
			};
			name = Debug;
		};
		ACA6B1EC2C50DDC000512F13 /* Release */ = {
			isa = XCBuildConfiguration;
			buildSettings = {
				ASSETCATALOG_COMPILER_APPICON_NAME = AppIcon;
				ASSETCATALOG_COMPILER_GLOBAL_ACCENT_COLOR_NAME = AccentColor;
				CODE_SIGN_STYLE = Automatic;
				CURRENT_PROJECT_VERSION = 1;
				DEVELOPMENT_ASSET_PATHS = "\"MatchMate/Preview Content\"";
				DEVELOPMENT_TEAM = 2927LU2Y84;
				ENABLE_PREVIEWS = YES;
				GENERATE_INFOPLIST_FILE = YES;
				INFOPLIST_KEY_UIApplicationSceneManifest_Generation = YES;
				INFOPLIST_KEY_UIApplicationSupportsIndirectInputEvents = YES;
				INFOPLIST_KEY_UILaunchScreen_Generation = YES;
				INFOPLIST_KEY_UISupportedInterfaceOrientations_iPad = "UIInterfaceOrientationPortrait UIInterfaceOrientationPortraitUpsideDown UIInterfaceOrientationLandscapeLeft UIInterfaceOrientationLandscapeRight";
				INFOPLIST_KEY_UISupportedInterfaceOrientations_iPhone = "UIInterfaceOrientationPortrait UIInterfaceOrientationLandscapeLeft UIInterfaceOrientationLandscapeRight";
				LD_RUNPATH_SEARCH_PATHS = (
					"$(inherited)",
					"@executable_path/Frameworks",
				);
				MARKETING_VERSION = 1.0;
				PRODUCT_BUNDLE_IDENTIFIER = com.amrut.MatchMate;
				PRODUCT_NAME = "$(TARGET_NAME)";
				SWIFT_EMIT_LOC_STRINGS = YES;
				SWIFT_VERSION = 5.0;
				TARGETED_DEVICE_FAMILY = "1,2";
			};
			name = Release;
		};
		ACA6B1EE2C50DDC000512F13 /* Debug */ = {
			isa = XCBuildConfiguration;
			buildSettings = {
				ALWAYS_EMBED_SWIFT_STANDARD_LIBRARIES = YES;
				BUNDLE_LOADER = "$(TEST_HOST)";
				CODE_SIGN_STYLE = Automatic;
				CURRENT_PROJECT_VERSION = 1;
				DEVELOPMENT_TEAM = 2927LU2Y84;
				GENERATE_INFOPLIST_FILE = YES;
				IPHONEOS_DEPLOYMENT_TARGET = 17.5;
				MARKETING_VERSION = 1.0;
				PRODUCT_BUNDLE_IDENTIFIER = com.amrut.MatchMateTests;
				PRODUCT_NAME = "$(TARGET_NAME)";
				SWIFT_EMIT_LOC_STRINGS = NO;
				SWIFT_VERSION = 5.0;
				TARGETED_DEVICE_FAMILY = "1,2";
				TEST_HOST = "$(BUILT_PRODUCTS_DIR)/MatchMate.app/$(BUNDLE_EXECUTABLE_FOLDER_PATH)/MatchMate";
			};
			name = Debug;
		};
		ACA6B1EF2C50DDC000512F13 /* Release */ = {
			isa = XCBuildConfiguration;
			buildSettings = {
				ALWAYS_EMBED_SWIFT_STANDARD_LIBRARIES = YES;
				BUNDLE_LOADER = "$(TEST_HOST)";
				CODE_SIGN_STYLE = Automatic;
				CURRENT_PROJECT_VERSION = 1;
				DEVELOPMENT_TEAM = 2927LU2Y84;
				GENERATE_INFOPLIST_FILE = YES;
				IPHONEOS_DEPLOYMENT_TARGET = 17.5;
				MARKETING_VERSION = 1.0;
				PRODUCT_BUNDLE_IDENTIFIER = com.amrut.MatchMateTests;
				PRODUCT_NAME = "$(TARGET_NAME)";
				SWIFT_EMIT_LOC_STRINGS = NO;
				SWIFT_VERSION = 5.0;
				TARGETED_DEVICE_FAMILY = "1,2";
				TEST_HOST = "$(BUILT_PRODUCTS_DIR)/MatchMate.app/$(BUNDLE_EXECUTABLE_FOLDER_PATH)/MatchMate";
			};
			name = Release;
		};
		ACA6B1F12C50DDC000512F13 /* Debug */ = {
			isa = XCBuildConfiguration;
			buildSettings = {
				ALWAYS_EMBED_SWIFT_STANDARD_LIBRARIES = YES;
				CODE_SIGN_STYLE = Automatic;
				CURRENT_PROJECT_VERSION = 1;
				DEVELOPMENT_TEAM = 2927LU2Y84;
				GENERATE_INFOPLIST_FILE = YES;
				MARKETING_VERSION = 1.0;
				PRODUCT_BUNDLE_IDENTIFIER = com.amrut.MatchMateUITests;
				PRODUCT_NAME = "$(TARGET_NAME)";
				SWIFT_EMIT_LOC_STRINGS = NO;
				SWIFT_VERSION = 5.0;
				TARGETED_DEVICE_FAMILY = "1,2";
				TEST_TARGET_NAME = MatchMate;
			};
			name = Debug;
		};
		ACA6B1F22C50DDC000512F13 /* Release */ = {
			isa = XCBuildConfiguration;
			buildSettings = {
				ALWAYS_EMBED_SWIFT_STANDARD_LIBRARIES = YES;
				CODE_SIGN_STYLE = Automatic;
				CURRENT_PROJECT_VERSION = 1;
				DEVELOPMENT_TEAM = 2927LU2Y84;
				GENERATE_INFOPLIST_FILE = YES;
				MARKETING_VERSION = 1.0;
				PRODUCT_BUNDLE_IDENTIFIER = com.amrut.MatchMateUITests;
				PRODUCT_NAME = "$(TARGET_NAME)";
				SWIFT_EMIT_LOC_STRINGS = NO;
				SWIFT_VERSION = 5.0;
				TARGETED_DEVICE_FAMILY = "1,2";
				TEST_TARGET_NAME = MatchMate;
			};
			name = Release;
		};
/* End XCBuildConfiguration section */

/* Begin XCConfigurationList section */
		ACA6B1C12C50DDBF00512F13 /* Build configuration list for PBXProject "MatchMate" */ = {
			isa = XCConfigurationList;
			buildConfigurations = (
				ACA6B1E82C50DDC000512F13 /* Debug */,
				ACA6B1E92C50DDC000512F13 /* Release */,
			);
			defaultConfigurationIsVisible = 0;
			defaultConfigurationName = Release;
		};
		ACA6B1EA2C50DDC000512F13 /* Build configuration list for PBXNativeTarget "MatchMate" */ = {
			isa = XCConfigurationList;
			buildConfigurations = (
				ACA6B1EB2C50DDC000512F13 /* Debug */,
				ACA6B1EC2C50DDC000512F13 /* Release */,
			);
			defaultConfigurationIsVisible = 0;
			defaultConfigurationName = Release;
		};
		ACA6B1ED2C50DDC000512F13 /* Build configuration list for PBXNativeTarget "MatchMateTests" */ = {
			isa = XCConfigurationList;
			buildConfigurations = (
				ACA6B1EE2C50DDC000512F13 /* Debug */,
				ACA6B1EF2C50DDC000512F13 /* Release */,
			);
			defaultConfigurationIsVisible = 0;
			defaultConfigurationName = Release;
		};
		ACA6B1F02C50DDC000512F13 /* Build configuration list for PBXNativeTarget "MatchMateUITests" */ = {
			isa = XCConfigurationList;
			buildConfigurations = (
				ACA6B1F12C50DDC000512F13 /* Debug */,
				ACA6B1F22C50DDC000512F13 /* Release */,
			);
			defaultConfigurationIsVisible = 0;
			defaultConfigurationName = Release;
		};
/* End XCConfigurationList section */
	};
	rootObject = ACA6B1BE2C50DDBF00512F13 /* Project object */;
}
